
Microsoft Visual Studio Solution File, Format Version 12.00
# Visual Studio Version 17
VisualStudioVersion = 17.10.34916.146
MinimumVisualStudioVersion = 10.0.40219.1
Project("{FAE04EC0-301F-11D3-BF4B-00C04F79EFBC}") = "receipttracker", "receipttracker.csproj", "{1A952015-2619-4B69-9EBC-A26780BD40BB}"
EndProject
Global
	GlobalSection(SolutionConfigurationPlatforms) = preSolution
		Debug|Any CPU = Debug|Any CPU
		Release|Any CPU = Release|Any CPU
	EndGlobalSection
	GlobalSection(ProjectConfigurationPlatforms) = postSolution
		{1A952015-2619-4B69-9EBC-A26780BD40BB}.Debug|Any CPU.ActiveCfg = Debug|Any CPU
		{1A952015-2619-4B69-9EBC-A26780BD40BB}.Debug|Any CPU.Build.0 = Debug|Any CPU
		{1A952015-2619-4B69-9EBC-A26780BD40BB}.Release|Any CPU.ActiveCfg = Release|Any CPU
		{1A952015-2619-4B69-9EBC-A26780BD40BB}.Release|Any CPU.Build.0 = Release|Any CPU
	EndGlobalSection
	GlobalSection(SolutionProperties) = preSolution
		HideSolutionNode = FALSE
	EndGlobalSection
	GlobalSection(ExtensibilityGlobals) = postSolution
		SolutionGuid = {30978A17-B442-45A3-AF90-195280F79771}
	EndGlobalSection
EndGlobal
